
Microsoft Visual Studio Solution File, Format Version 12.00
Project("{F2A71F9B-5D33-465A-A702-920D77279786}") = "SAFEr.App.Client", "src\SAFEr.App.Client\SAFEr.App.Client.fsproj", "{7C716DBC-68B5-462F-9E3D-F9D2D30E480F}"
EndProject
Project("{F2A71F9B-5D33-465A-A702-920D77279786}") = "SAFEr.App.Server", "src\SAFEr.App.Server\SAFEr.App.Server.fsproj", "{1C122FE9-9252-4E8D-9EDD-2838BF0439DE}"
EndProject
Project("{F2A71F9B-5D33-465A-A702-920D77279786}") = "SAFEr.App.Shared", "src\SAFEr.App.Shared\SAFEr.App.Shared.fsproj", "{E264AE7C-45A3-4C82-A82E-724A32AFC859}"
EndProject
Project("{2150E333-8FDC-42A3-9474-1A3956D46DE8}") = "Build", "Build", "{805660A7-6E83-43C4-801A-91F1533B5CFE}"
EndProject
Project("{F2A71F9B-5D33-465A-A702-920D77279786}") = "Build", "Build.fsproj", "{2921894D-31C4-4464-B3C5-A2DBE743CE5E}"
EndProject
Global
	GlobalSection(SolutionConfigurationPlatforms) = preSolution
		Debug|Any CPU = Debug|Any CPU
		Release|Any CPU = Release|Any CPU
	EndGlobalSection
	GlobalSection(ProjectConfigurationPlatforms) = postSolution
		{7C716DBC-68B5-462F-9E3D-F9D2D30E480F}.Debug|Any CPU.ActiveCfg = Debug|Any CPU
		{7C716DBC-68B5-462F-9E3D-F9D2D30E480F}.Debug|Any CPU.Build.0 = Debug|Any CPU
		{7C716DBC-68B5-462F-9E3D-F9D2D30E480F}.Release|Any CPU.ActiveCfg = Release|Any CPU
		{7C716DBC-68B5-462F-9E3D-F9D2D30E480F}.Release|Any CPU.Build.0 = Release|Any CPU
		{1C122FE9-9252-4E8D-9EDD-2838BF0439DE}.Debug|Any CPU.ActiveCfg = Debug|Any CPU
		{1C122FE9-9252-4E8D-9EDD-2838BF0439DE}.Debug|Any CPU.Build.0 = Debug|Any CPU
		{1C122FE9-9252-4E8D-9EDD-2838BF0439DE}.Release|Any CPU.ActiveCfg = Release|Any CPU
		{1C122FE9-9252-4E8D-9EDD-2838BF0439DE}.Release|Any CPU.Build.0 = Release|Any CPU
		{E264AE7C-45A3-4C82-A82E-724A32AFC859}.Debug|Any CPU.ActiveCfg = Debug|Any CPU
		{E264AE7C-45A3-4C82-A82E-724A32AFC859}.Debug|Any CPU.Build.0 = Debug|Any CPU
		{E264AE7C-45A3-4C82-A82E-724A32AFC859}.Release|Any CPU.ActiveCfg = Release|Any CPU
		{E264AE7C-45A3-4C82-A82E-724A32AFC859}.Release|Any CPU.Build.0 = Release|Any CPU
		{2921894D-31C4-4464-B3C5-A2DBE743CE5E}.Debug|Any CPU.ActiveCfg = Debug|Any CPU
		{2921894D-31C4-4464-B3C5-A2DBE743CE5E}.Debug|Any CPU.Build.0 = Debug|Any CPU
		{2921894D-31C4-4464-B3C5-A2DBE743CE5E}.Release|Any CPU.ActiveCfg = Release|Any CPU
		{2921894D-31C4-4464-B3C5-A2DBE743CE5E}.Release|Any CPU.Build.0 = Release|Any CPU
	EndGlobalSection
	GlobalSection(NestedProjects) = preSolution
		{2921894D-31C4-4464-B3C5-A2DBE743CE5E} = {805660A7-6E83-43C4-801A-91F1533B5CFE}
	EndGlobalSection
EndGlobal
