
Microsoft Visual Studio Solution File, Format Version 12.00
Project("{F2A71F9B-5D33-465A-A702-920D77279786}") = "SAFEr.App.Client", "src\default\src\SAFEr.App.Client\SAFEr.App.Client.fsproj", "{DF5084C7-5DF5-478C-AD0B-8301BE29E277}"
EndProject
Project("{F2A71F9B-5D33-465A-A702-920D77279786}") = "SAFEr.App.Shared", "src\default\src\SAFEr.App.Shared\SAFEr.App.Shared.fsproj", "{1289C09D-32F2-446C-B45D-3B87CF41DF98}"
EndProject
Global
	GlobalSection(SolutionConfigurationPlatforms) = preSolution
		Debug|Any CPU = Debug|Any CPU
		Release|Any CPU = Release|Any CPU
	EndGlobalSection
	GlobalSection(ProjectConfigurationPlatforms) = postSolution
		{DF5084C7-5DF5-478C-AD0B-8301BE29E277}.Debug|Any CPU.ActiveCfg = Debug|Any CPU
		{DF5084C7-5DF5-478C-AD0B-8301BE29E277}.Debug|Any CPU.Build.0 = Debug|Any CPU
		{DF5084C7-5DF5-478C-AD0B-8301BE29E277}.Release|Any CPU.ActiveCfg = Release|Any CPU
		{DF5084C7-5DF5-478C-AD0B-8301BE29E277}.Release|Any CPU.Build.0 = Release|Any CPU
		{1289C09D-32F2-446C-B45D-3B87CF41DF98}.Debug|Any CPU.ActiveCfg = Debug|Any CPU
		{1289C09D-32F2-446C-B45D-3B87CF41DF98}.Debug|Any CPU.Build.0 = Debug|Any CPU
		{1289C09D-32F2-446C-B45D-3B87CF41DF98}.Release|Any CPU.ActiveCfg = Release|Any CPU
		{1289C09D-32F2-446C-B45D-3B87CF41DF98}.Release|Any CPU.Build.0 = Release|Any CPU
	EndGlobalSection
EndGlobal
