
Microsoft Visual Studio Solution File, Format Version 12.00
Project("{2150E333-8FDC-42A3-9474-1A3956D46DE8}") = "Default", "Default", "{9C855A40-4EA4-4EF2-B6F3-A4329B1823B4}"
EndProject
Project("{F2A71F9B-5D33-465A-A702-920D77279786}") = "Build", "src\default\Build.fsproj", "{53613265-0C44-4100-839C-2D2A4A610D6E}"
EndProject
Project("{F2A71F9B-5D33-465A-A702-920D77279786}") = "SAFEr.App.Client", "src\default\src\SAFEr.App.Client\SAFEr.App.Client.fsproj", "{656D1EE1-1A7E-4C9D-9451-AA0D74C010B9}"
EndProject
Project("{F2A71F9B-5D33-465A-A702-920D77279786}") = "SAFEr.App.Server", "src\default\src\SAFEr.App.Server\SAFEr.App.Server.fsproj", "{9431EEF7-018B-44FE-A777-F3EB3D3D2C27}"
EndProject
Project("{F2A71F9B-5D33-465A-A702-920D77279786}") = "SAFEr.App.Shared", "src\default\src\SAFEr.App.Shared\SAFEr.App.Shared.fsproj", "{0921E8FB-72AA-4706-BF29-AA48E3DFBA1E}"
EndProject
Global
	GlobalSection(SolutionConfigurationPlatforms) = preSolution
		Debug|Any CPU = Debug|Any CPU
		Release|Any CPU = Release|Any CPU
	EndGlobalSection
	GlobalSection(ProjectConfigurationPlatforms) = postSolution
		{53613265-0C44-4100-839C-2D2A4A610D6E}.Debug|Any CPU.ActiveCfg = Debug|Any CPU
		{53613265-0C44-4100-839C-2D2A4A610D6E}.Debug|Any CPU.Build.0 = Debug|Any CPU
		{53613265-0C44-4100-839C-2D2A4A610D6E}.Release|Any CPU.ActiveCfg = Release|Any CPU
		{53613265-0C44-4100-839C-2D2A4A610D6E}.Release|Any CPU.Build.0 = Release|Any CPU
		{656D1EE1-1A7E-4C9D-9451-AA0D74C010B9}.Debug|Any CPU.ActiveCfg = Debug|Any CPU
		{656D1EE1-1A7E-4C9D-9451-AA0D74C010B9}.Debug|Any CPU.Build.0 = Debug|Any CPU
		{656D1EE1-1A7E-4C9D-9451-AA0D74C010B9}.Release|Any CPU.ActiveCfg = Release|Any CPU
		{656D1EE1-1A7E-4C9D-9451-AA0D74C010B9}.Release|Any CPU.Build.0 = Release|Any CPU
		{9431EEF7-018B-44FE-A777-F3EB3D3D2C27}.Debug|Any CPU.ActiveCfg = Debug|Any CPU
		{9431EEF7-018B-44FE-A777-F3EB3D3D2C27}.Debug|Any CPU.Build.0 = Debug|Any CPU
		{9431EEF7-018B-44FE-A777-F3EB3D3D2C27}.Release|Any CPU.ActiveCfg = Release|Any CPU
		{9431EEF7-018B-44FE-A777-F3EB3D3D2C27}.Release|Any CPU.Build.0 = Release|Any CPU
		{0921E8FB-72AA-4706-BF29-AA48E3DFBA1E}.Debug|Any CPU.ActiveCfg = Debug|Any CPU
		{0921E8FB-72AA-4706-BF29-AA48E3DFBA1E}.Debug|Any CPU.Build.0 = Debug|Any CPU
		{0921E8FB-72AA-4706-BF29-AA48E3DFBA1E}.Release|Any CPU.ActiveCfg = Release|Any CPU
		{0921E8FB-72AA-4706-BF29-AA48E3DFBA1E}.Release|Any CPU.Build.0 = Release|Any CPU
	EndGlobalSection
	GlobalSection(NestedProjects) = preSolution
		{53613265-0C44-4100-839C-2D2A4A610D6E} = {9C855A40-4EA4-4EF2-B6F3-A4329B1823B4}
		{656D1EE1-1A7E-4C9D-9451-AA0D74C010B9} = {9C855A40-4EA4-4EF2-B6F3-A4329B1823B4}
		{9431EEF7-018B-44FE-A777-F3EB3D3D2C27} = {9C855A40-4EA4-4EF2-B6F3-A4329B1823B4}
		{0921E8FB-72AA-4706-BF29-AA48E3DFBA1E} = {9C855A40-4EA4-4EF2-B6F3-A4329B1823B4}
	EndGlobalSection
EndGlobal
